// !$*UTF8*$!
{
	archiveVersion = 1;
	classes = {
	};
	objectVersion = 46;
	objects = {

/* Begin PBXBuildFile section */
		6A6823EA2279285200A37CCF /* AppDelegate.swift in Sources */ = {isa = PBXBuildFile; fileRef = 6A6823E92279285200A37CCF /* AppDelegate.swift */; };
		6A6823EC2279285200A37CCF /* ViewController.swift in Sources */ = {isa = PBXBuildFile; fileRef = 6A6823EB2279285200A37CCF /* ViewController.swift */; };
		6A6823EF2279285200A37CCF /* Main.storyboard in Resources */ = {isa = PBXBuildFile; fileRef = 6A6823ED2279285200A37CCF /* Main.storyboard */; };
		6A6823F12279285300A37CCF /* Assets.xcassets in Resources */ = {isa = PBXBuildFile; fileRef = 6A6823F02279285300A37CCF /* Assets.xcassets */; };
		6A6823F42279285300A37CCF /* LaunchScreen.storyboard in Resources */ = {isa = PBXBuildFile; fileRef = 6A6823F22279285300A37CCF /* LaunchScreen.storyboard */; };
		6A6823FF2279285400A37CCF /* HudViewUITests.swift in Sources */ = {isa = PBXBuildFile; fileRef = 6A6823FE2279285400A37CCF /* HudViewUITests.swift */; };
		6A6824082279292F00A37CCF /* PatternView.swift in Sources */ = {isa = PBXBuildFile; fileRef = 6A6824072279292F00A37CCF /* PatternView.swift */; };
		E935011C3147C9B7702F9639 /* Pods_HudViewExample.framework in Frameworks */ = {isa = PBXBuildFile; fileRef = 9C67F3411E150A168B34B074 /* Pods_HudViewExample.framework */; };
/* End PBXBuildFile section */

/* Begin PBXContainerItemProxy section */
		6A6823FB2279285400A37CCF /* PBXContainerItemProxy */ = {
			isa = PBXContainerItemProxy;
			containerPortal = 607FACC81AFB9204008FA782 /* Project object */;
			proxyType = 1;
			remoteGlobalIDString = 6A6823E62279285200A37CCF;
			remoteInfo = HudView;
		};
/* End PBXContainerItemProxy section */

/* Begin PBXFileReference section */
		01086DA83078FAD9A4D9D731 /* Pods_HudView_Tests.framework */ = {isa = PBXFileReference; explicitFileType = wrapper.framework; includeInIndex = 0; path = Pods_HudView_Tests.framework; sourceTree = BUILT_PRODUCTS_DIR; };
		37AA3D25B2B5BF6974499545 /* Pods-HudViewExample.debug.xcconfig */ = {isa = PBXFileReference; includeInIndex = 1; lastKnownFileType = text.xcconfig; name = "Pods-HudViewExample.debug.xcconfig"; path = "Target Support Files/Pods-HudViewExample/Pods-HudViewExample.debug.xcconfig"; sourceTree = "<group>"; };
		510406603CD2E407897B2EA7 /* HudView.podspec */ = {isa = PBXFileReference; includeInIndex = 1; lastKnownFileType = text; name = HudView.podspec; path = ../HudView.podspec; sourceTree = "<group>"; xcLanguageSpecificationIdentifier = xcode.lang.ruby; };
		6A6823E72279285200A37CCF /* HudViewExample.app */ = {isa = PBXFileReference; explicitFileType = wrapper.application; includeInIndex = 0; path = HudViewExample.app; sourceTree = BUILT_PRODUCTS_DIR; };
		6A6823E92279285200A37CCF /* AppDelegate.swift */ = {isa = PBXFileReference; lastKnownFileType = sourcecode.swift; path = AppDelegate.swift; sourceTree = "<group>"; };
		6A6823EB2279285200A37CCF /* ViewController.swift */ = {isa = PBXFileReference; lastKnownFileType = sourcecode.swift; path = ViewController.swift; sourceTree = "<group>"; };
		6A6823EE2279285200A37CCF /* Base */ = {isa = PBXFileReference; lastKnownFileType = file.storyboard; name = Base; path = Base.lproj/Main.storyboard; sourceTree = "<group>"; };
		6A6823F02279285300A37CCF /* Assets.xcassets */ = {isa = PBXFileReference; lastKnownFileType = folder.assetcatalog; path = Assets.xcassets; sourceTree = "<group>"; };
		6A6823F32279285300A37CCF /* Base */ = {isa = PBXFileReference; lastKnownFileType = file.storyboard; name = Base; path = Base.lproj/LaunchScreen.storyboard; sourceTree = "<group>"; };
		6A6823F52279285300A37CCF /* Info.plist */ = {isa = PBXFileReference; lastKnownFileType = text.plist.xml; path = Info.plist; sourceTree = "<group>"; };
		6A6823FA2279285300A37CCF /* HudViewUITests.xctest */ = {isa = PBXFileReference; explicitFileType = wrapper.cfbundle; includeInIndex = 0; path = HudViewUITests.xctest; sourceTree = BUILT_PRODUCTS_DIR; };
		6A6823FE2279285400A37CCF /* HudViewUITests.swift */ = {isa = PBXFileReference; lastKnownFileType = sourcecode.swift; path = HudViewUITests.swift; sourceTree = "<group>"; };
		6A6824002279285400A37CCF /* Info.plist */ = {isa = PBXFileReference; lastKnownFileType = text.plist.xml; path = Info.plist; sourceTree = "<group>"; };
		6A6824072279292F00A37CCF /* PatternView.swift */ = {isa = PBXFileReference; fileEncoding = 4; lastKnownFileType = sourcecode.swift; name = PatternView.swift; path = HudVIew/PatternView.swift; sourceTree = SOURCE_ROOT; };
		9C67F3411E150A168B34B074 /* Pods_HudViewExample.framework */ = {isa = PBXFileReference; explicitFileType = wrapper.framework; includeInIndex = 0; path = Pods_HudViewExample.framework; sourceTree = BUILT_PRODUCTS_DIR; };
		A3DDA426755196D041D88473 /* Pods-HudView_Tests.release.xcconfig */ = {isa = PBXFileReference; includeInIndex = 1; lastKnownFileType = text.xcconfig; name = "Pods-HudView_Tests.release.xcconfig"; path = "Target Support Files/Pods-HudView_Tests/Pods-HudView_Tests.release.xcconfig"; sourceTree = "<group>"; };
		BA6A42133F044128847D60F4 /* README.md */ = {isa = PBXFileReference; includeInIndex = 1; lastKnownFileType = net.daringfireball.markdown; name = README.md; path = ../README.md; sourceTree = "<group>"; };
		C3F60DD14BE4E9D657EA916B /* LICENSE */ = {isa = PBXFileReference; includeInIndex = 1; lastKnownFileType = text; name = LICENSE; path = ../LICENSE; sourceTree = "<group>"; };
		C5ABC39BAA566E6E40AC51CB /* Pods-HudView_Tests.debug.xcconfig */ = {isa = PBXFileReference; includeInIndex = 1; lastKnownFileType = text.xcconfig; name = "Pods-HudView_Tests.debug.xcconfig"; path = "Target Support Files/Pods-HudView_Tests/Pods-HudView_Tests.debug.xcconfig"; sourceTree = "<group>"; };
		F473CB436E5681DAE0B45B6F /* Pods-HudViewExample.release.xcconfig */ = {isa = PBXFileReference; includeInIndex = 1; lastKnownFileType = text.xcconfig; name = "Pods-HudViewExample.release.xcconfig"; path = "Target Support Files/Pods-HudViewExample/Pods-HudViewExample.release.xcconfig"; sourceTree = "<group>"; };
/* End PBXFileReference section */

/* Begin PBXFrameworksBuildPhase section */
		6A6823E42279285200A37CCF /* Frameworks */ = {
			isa = PBXFrameworksBuildPhase;
			buildActionMask = 2147483647;
			files = (
				E935011C3147C9B7702F9639 /* Pods_HudViewExample.framework in Frameworks */,
			);
			runOnlyForDeploymentPostprocessing = 0;
		};
		6A6823F72279285300A37CCF /* Frameworks */ = {
			isa = PBXFrameworksBuildPhase;
			buildActionMask = 2147483647;
			files = (
			);
			runOnlyForDeploymentPostprocessing = 0;
		};
/* End PBXFrameworksBuildPhase section */

/* Begin PBXGroup section */
		607FACC71AFB9204008FA782 = {
			isa = PBXGroup;
			children = (
				607FACF51AFB993E008FA782 /* Podspec Metadata */,
				6A6823E82279285200A37CCF /* HudView */,
				6A6823FD2279285400A37CCF /* HudViewUITests */,
				607FACD11AFB9204008FA782 /* Products */,
				997AA808B57508235A6A8257 /* Pods */,
				BFF9038645629CDF399506B6 /* Frameworks */,
			);
			sourceTree = "<group>";
		};
		607FACD11AFB9204008FA782 /* Products */ = {
			isa = PBXGroup;
			children = (
				6A6823E72279285200A37CCF /* HudViewExample.app */,
				6A6823FA2279285300A37CCF /* HudViewUITests.xctest */,
			);
			name = Products;
			sourceTree = "<group>";
		};
		607FACF51AFB993E008FA782 /* Podspec Metadata */ = {
			isa = PBXGroup;
			children = (
				510406603CD2E407897B2EA7 /* HudView.podspec */,
				BA6A42133F044128847D60F4 /* README.md */,
				C3F60DD14BE4E9D657EA916B /* LICENSE */,
			);
			name = "Podspec Metadata";
			sourceTree = "<group>";
		};
		6A6823E82279285200A37CCF /* HudView */ = {
			isa = PBXGroup;
			children = (
				6A6824072279292F00A37CCF /* PatternView.swift */,
				6A6823E92279285200A37CCF /* AppDelegate.swift */,
				6A6823EB2279285200A37CCF /* ViewController.swift */,
				6A6823ED2279285200A37CCF /* Main.storyboard */,
				6A6823F02279285300A37CCF /* Assets.xcassets */,
				6A6823F22279285300A37CCF /* LaunchScreen.storyboard */,
				6A6823F52279285300A37CCF /* Info.plist */,
			);
			path = HudView;
			sourceTree = "<group>";
		};
		6A6823FD2279285400A37CCF /* HudViewUITests */ = {
			isa = PBXGroup;
			children = (
				6A6823FE2279285400A37CCF /* HudViewUITests.swift */,
				6A6824002279285400A37CCF /* Info.plist */,
			);
			path = HudViewUITests;
			sourceTree = "<group>";
		};
		997AA808B57508235A6A8257 /* Pods */ = {
			isa = PBXGroup;
			children = (
				C5ABC39BAA566E6E40AC51CB /* Pods-HudView_Tests.debug.xcconfig */,
				A3DDA426755196D041D88473 /* Pods-HudView_Tests.release.xcconfig */,
				37AA3D25B2B5BF6974499545 /* Pods-HudViewExample.debug.xcconfig */,
				F473CB436E5681DAE0B45B6F /* Pods-HudViewExample.release.xcconfig */,
			);
			path = Pods;
			sourceTree = "<group>";
		};
		BFF9038645629CDF399506B6 /* Frameworks */ = {
			isa = PBXGroup;
			children = (
				01086DA83078FAD9A4D9D731 /* Pods_HudView_Tests.framework */,
				9C67F3411E150A168B34B074 /* Pods_HudViewExample.framework */,
			);
			name = Frameworks;
			sourceTree = "<group>";
		};
/* End PBXGroup section */

/* Begin PBXNativeTarget section */
		6A6823E62279285200A37CCF /* HudViewExample */ = {
			isa = PBXNativeTarget;
			buildConfigurationList = 6A6824012279285400A37CCF /* Build configuration list for PBXNativeTarget "HudViewExample" */;
			buildPhases = (
				B519FC07D9C2C9D6413C778A /* [CP] Check Pods Manifest.lock */,
				6A6823E32279285200A37CCF /* Sources */,
				6A6823E42279285200A37CCF /* Frameworks */,
				6A6823E52279285200A37CCF /* Resources */,
				CF30F76CF3EA410F8CC48742 /* [CP] Embed Pods Frameworks */,
			);
			buildRules = (
			);
			dependencies = (
			);
			name = HudViewExample;
			productName = HudView;
			productReference = 6A6823E72279285200A37CCF /* HudViewExample.app */;
			productType = "com.apple.product-type.application";
		};
		6A6823F92279285300A37CCF /* HudViewUITests */ = {
			isa = PBXNativeTarget;
			buildConfigurationList = 6A6824042279285400A37CCF /* Build configuration list for PBXNativeTarget "HudViewUITests" */;
			buildPhases = (
				6A6823F62279285300A37CCF /* Sources */,
				6A6823F72279285300A37CCF /* Frameworks */,
				6A6823F82279285300A37CCF /* Resources */,
			);
			buildRules = (
			);
			dependencies = (
				6A6823FC2279285400A37CCF /* PBXTargetDependency */,
			);
			name = HudViewUITests;
			productName = HudViewUITests;
			productReference = 6A6823FA2279285300A37CCF /* HudViewUITests.xctest */;
			productType = "com.apple.product-type.bundle.ui-testing";
		};
/* End PBXNativeTarget section */

/* Begin PBXProject section */
		607FACC81AFB9204008FA782 /* Project object */ = {
			isa = PBXProject;
			attributes = {
				LastSwiftUpdateCheck = 1020;
				LastUpgradeCheck = 0830;
				ORGANIZATIONNAME = CocoaPods;
				TargetAttributes = {
					6A6823E62279285200A37CCF = {
						CreatedOnToolsVersion = 10.2.1;
						ProvisioningStyle = Automatic;
					};
					6A6823F92279285300A37CCF = {
						CreatedOnToolsVersion = 10.2.1;
						ProvisioningStyle = Automatic;
						TestTargetID = 6A6823E62279285200A37CCF;
					};
				};
			};
			buildConfigurationList = 607FACCB1AFB9204008FA782 /* Build configuration list for PBXProject "HudView" */;
			compatibilityVersion = "Xcode 3.2";
			developmentRegion = English;
			hasScannedForEncodings = 0;
			knownRegions = (
				English,
				en,
				Base,
			);
			mainGroup = 607FACC71AFB9204008FA782;
			productRefGroup = 607FACD11AFB9204008FA782 /* Products */;
			projectDirPath = "";
			projectRoot = "";
			targets = (
				6A6823E62279285200A37CCF /* HudViewExample */,
				6A6823F92279285300A37CCF /* HudViewUITests */,
			);
		};
/* End PBXProject section */

/* Begin PBXResourcesBuildPhase section */
		6A6823E52279285200A37CCF /* Resources */ = {
			isa = PBXResourcesBuildPhase;
			buildActionMask = 2147483647;
			files = (
				6A6823F42279285300A37CCF /* LaunchScreen.storyboard in Resources */,
				6A6823F12279285300A37CCF /* Assets.xcassets in Resources */,
				6A6823EF2279285200A37CCF /* Main.storyboard in Resources */,
			);
			runOnlyForDeploymentPostprocessing = 0;
		};
		6A6823F82279285300A37CCF /* Resources */ = {
			isa = PBXResourcesBuildPhase;
			buildActionMask = 2147483647;
			files = (
			);
			runOnlyForDeploymentPostprocessing = 0;
		};
/* End PBXResourcesBuildPhase section */

/* Begin PBXShellScriptBuildPhase section */
		B519FC07D9C2C9D6413C778A /* [CP] Check Pods Manifest.lock */ = {
			isa = PBXShellScriptBuildPhase;
			buildActionMask = 2147483647;
			files = (
			);
			inputFileListPaths = (
			);
			inputPaths = (
				"${PODS_PODFILE_DIR_PATH}/Podfile.lock",
				"${PODS_ROOT}/Manifest.lock",
			);
			name = "[CP] Check Pods Manifest.lock";
			outputFileListPaths = (
			);
			outputPaths = (
				"$(DERIVED_FILE_DIR)/Pods-HudViewExample-checkManifestLockResult.txt",
			);
			runOnlyForDeploymentPostprocessing = 0;
			shellPath = /bin/sh;
			shellScript = "diff \"${PODS_PODFILE_DIR_PATH}/Podfile.lock\" \"${PODS_ROOT}/Manifest.lock\" > /dev/null\nif [ $? != 0 ] ; then\n    # print error to STDERR\n    echo \"error: The sandbox is not in sync with the Podfile.lock. Run 'pod install' or update your CocoaPods installation.\" >&2\n    exit 1\nfi\n# This output is used by Xcode 'outputs' to avoid re-running this script phase.\necho \"SUCCESS\" > \"${SCRIPT_OUTPUT_FILE_0}\"\n";
			showEnvVarsInLog = 0;
		};
		CF30F76CF3EA410F8CC48742 /* [CP] Embed Pods Frameworks */ = {
			isa = PBXShellScriptBuildPhase;
			buildActionMask = 2147483647;
			files = (
			);
			inputPaths = (
				"${PODS_ROOT}/Target Support Files/Pods-HudViewExample/Pods-HudViewExample-frameworks.sh",
				"${BUILT_PRODUCTS_DIR}/HudView/HudView.framework",
			);
			name = "[CP] Embed Pods Frameworks";
			outputPaths = (
				"${TARGET_BUILD_DIR}/${FRAMEWORKS_FOLDER_PATH}/HudView.framework",
			);
			runOnlyForDeploymentPostprocessing = 0;
			shellPath = /bin/sh;
			shellScript = "\"${PODS_ROOT}/Target Support Files/Pods-HudViewExample/Pods-HudViewExample-frameworks.sh\"\n";
			showEnvVarsInLog = 0;
		};
/* End PBXShellScriptBuildPhase section */

/* Begin PBXSourcesBuildPhase section */
		6A6823E32279285200A37CCF /* Sources */ = {
			isa = PBXSourcesBuildPhase;
			buildActionMask = 2147483647;
			files = (
				6A6823EC2279285200A37CCF /* ViewController.swift in Sources */,
				6A6823EA2279285200A37CCF /* AppDelegate.swift in Sources */,
				6A6824082279292F00A37CCF /* PatternView.swift in Sources */,
			);
			runOnlyForDeploymentPostprocessing = 0;
		};
		6A6823F62279285300A37CCF /* Sources */ = {
			isa = PBXSourcesBuildPhase;
			buildActionMask = 2147483647;
			files = (
				6A6823FF2279285400A37CCF /* HudViewUITests.swift in Sources */,
			);
			runOnlyForDeploymentPostprocessing = 0;
		};
/* End PBXSourcesBuildPhase section */

/* Begin PBXTargetDependency section */
		6A6823FC2279285400A37CCF /* PBXTargetDependency */ = {
			isa = PBXTargetDependency;
			target = 6A6823E62279285200A37CCF /* HudViewExample */;
			targetProxy = 6A6823FB2279285400A37CCF /* PBXContainerItemProxy */;
		};
/* End PBXTargetDependency section */

/* Begin PBXVariantGroup section */
		6A6823ED2279285200A37CCF /* Main.storyboard */ = {
			isa = PBXVariantGroup;
			children = (
				6A6823EE2279285200A37CCF /* Base */,
			);
			name = Main.storyboard;
			sourceTree = "<group>";
		};
		6A6823F22279285300A37CCF /* LaunchScreen.storyboard */ = {
			isa = PBXVariantGroup;
			children = (
				6A6823F32279285300A37CCF /* Base */,
			);
			name = LaunchScreen.storyboard;
			sourceTree = "<group>";
		};
/* End PBXVariantGroup section */

/* Begin XCBuildConfiguration section */
		607FACED1AFB9204008FA782 /* Debug */ = {
			isa = XCBuildConfiguration;
			buildSettings = {
				ALWAYS_SEARCH_USER_PATHS = NO;
				CLANG_CXX_LANGUAGE_STANDARD = "gnu++0x";
				CLANG_CXX_LIBRARY = "libc++";
				CLANG_ENABLE_MODULES = YES;
				CLANG_ENABLE_OBJC_ARC = YES;
				CLANG_WARN_BLOCK_CAPTURE_AUTORELEASING = YES;
				CLANG_WARN_BOOL_CONVERSION = YES;
				CLANG_WARN_COMMA = YES;
				CLANG_WARN_CONSTANT_CONVERSION = YES;
				CLANG_WARN_DIRECT_OBJC_ISA_USAGE = YES_ERROR;
				CLANG_WARN_EMPTY_BODY = YES;
				CLANG_WARN_ENUM_CONVERSION = YES;
				CLANG_WARN_INFINITE_RECURSION = YES;
				CLANG_WARN_INT_CONVERSION = YES;
				CLANG_WARN_NON_LITERAL_NULL_CONVERSION = YES;
				CLANG_WARN_OBJC_LITERAL_CONVERSION = YES;
				CLANG_WARN_OBJC_ROOT_CLASS = YES_ERROR;
				CLANG_WARN_RANGE_LOOP_ANALYSIS = YES;
				CLANG_WARN_STRICT_PROTOTYPES = YES;
				CLANG_WARN_SUSPICIOUS_MOVE = YES;
				CLANG_WARN_UNREACHABLE_CODE = YES;
				CLANG_WARN__DUPLICATE_METHOD_MATCH = YES;
				"CODE_SIGN_IDENTITY[sdk=iphoneos*]" = "iPhone Developer";
				COPY_PHASE_STRIP = NO;
				DEBUG_INFORMATION_FORMAT = "dwarf-with-dsym";
				ENABLE_STRICT_OBJC_MSGSEND = YES;
				ENABLE_TESTABILITY = YES;
				GCC_C_LANGUAGE_STANDARD = gnu99;
				GCC_DYNAMIC_NO_PIC = NO;
				GCC_NO_COMMON_BLOCKS = YES;
				GCC_OPTIMIZATION_LEVEL = 0;
				GCC_PREPROCESSOR_DEFINITIONS = (
					"DEBUG=1",
					"$(inherited)",
				);
				GCC_SYMBOLS_PRIVATE_EXTERN = NO;
				GCC_WARN_64_TO_32_BIT_CONVERSION = YES;
				GCC_WARN_ABOUT_RETURN_TYPE = YES_ERROR;
				GCC_WARN_UNDECLARED_SELECTOR = YES;
				GCC_WARN_UNINITIALIZED_AUTOS = YES_AGGRESSIVE;
				GCC_WARN_UNUSED_FUNCTION = YES;
				GCC_WARN_UNUSED_VARIABLE = YES;
				IPHONEOS_DEPLOYMENT_TARGET = 9.3;
				MTL_ENABLE_DEBUG_INFO = YES;
				ONLY_ACTIVE_ARCH = YES;
				SDKROOT = iphoneos;
				SWIFT_OPTIMIZATION_LEVEL = "-Onone";
			};
			name = Debug;
		};
		607FACEE1AFB9204008FA782 /* Release */ = {
			isa = XCBuildConfiguration;
			buildSettings = {
				ALWAYS_SEARCH_USER_PATHS = NO;
				CLANG_CXX_LANGUAGE_STANDARD = "gnu++0x";
				CLANG_CXX_LIBRARY = "libc++";
				CLANG_ENABLE_MODULES = YES;
				CLANG_ENABLE_OBJC_ARC = YES;
				CLANG_WARN_BLOCK_CAPTURE_AUTORELEASING = YES;
				CLANG_WARN_BOOL_CONVERSION = YES;
				CLANG_WARN_COMMA = YES;
				CLANG_WARN_CONSTANT_CONVERSION = YES;
				CLANG_WARN_DIRECT_OBJC_ISA_USAGE = YES_ERROR;
				CLANG_WARN_EMPTY_BODY = YES;
				CLANG_WARN_ENUM_CONVERSION = YES;
				CLANG_WARN_INFINITE_RECURSION = YES;
				CLANG_WARN_INT_CONVERSION = YES;
				CLANG_WARN_NON_LITERAL_NULL_CONVERSION = YES;
				CLANG_WARN_OBJC_LITERAL_CONVERSION = YES;
				CLANG_WARN_OBJC_ROOT_CLASS = YES_ERROR;
				CLANG_WARN_RANGE_LOOP_ANALYSIS = YES;
				CLANG_WARN_STRICT_PROTOTYPES = YES;
				CLANG_WARN_SUSPICIOUS_MOVE = YES;
				CLANG_WARN_UNREACHABLE_CODE = YES;
				CLANG_WARN__DUPLICATE_METHOD_MATCH = YES;
				"CODE_SIGN_IDENTITY[sdk=iphoneos*]" = "iPhone Developer";
				COPY_PHASE_STRIP = NO;
				DEBUG_INFORMATION_FORMAT = "dwarf-with-dsym";
				ENABLE_NS_ASSERTIONS = NO;
				ENABLE_STRICT_OBJC_MSGSEND = YES;
				GCC_C_LANGUAGE_STANDARD = gnu99;
				GCC_NO_COMMON_BLOCKS = YES;
				GCC_WARN_64_TO_32_BIT_CONVERSION = YES;
				GCC_WARN_ABOUT_RETURN_TYPE = YES_ERROR;
				GCC_WARN_UNDECLARED_SELECTOR = YES;
				GCC_WARN_UNINITIALIZED_AUTOS = YES_AGGRESSIVE;
				GCC_WARN_UNUSED_FUNCTION = YES;
				GCC_WARN_UNUSED_VARIABLE = YES;
				IPHONEOS_DEPLOYMENT_TARGET = 9.3;
				MTL_ENABLE_DEBUG_INFO = NO;
				SDKROOT = iphoneos;
				SWIFT_OPTIMIZATION_LEVEL = "-Owholemodule";
				VALIDATE_PRODUCT = YES;
			};
			name = Release;
		};
		6A6824022279285400A37CCF /* Debug */ = {
			isa = XCBuildConfiguration;
			baseConfigurationReference = 37AA3D25B2B5BF6974499545 /* Pods-HudViewExample.debug.xcconfig */;
			buildSettings = {
				ASSETCATALOG_COMPILER_APPICON_NAME = AppIcon;
				CLANG_ANALYZER_NONNULL = YES;
				CLANG_ANALYZER_NUMBER_OBJECT_CONVERSION = YES_AGGRESSIVE;
				CLANG_CXX_LANGUAGE_STANDARD = "gnu++14";
				CLANG_ENABLE_OBJC_WEAK = YES;
				CLANG_WARN_DEPRECATED_OBJC_IMPLEMENTATIONS = YES;
				CLANG_WARN_DOCUMENTATION_COMMENTS = YES;
				CLANG_WARN_OBJC_IMPLICIT_RETAIN_SELF = YES;
				CLANG_WARN_UNGUARDED_AVAILABILITY = YES_AGGRESSIVE;
				CODE_SIGN_IDENTITY = "iPhone Developer";
				CODE_SIGN_STYLE = Automatic;
				DEBUG_INFORMATION_FORMAT = dwarf;
				GCC_C_LANGUAGE_STANDARD = gnu11;
				INFOPLIST_FILE = HudView/Info.plist;
				IPHONEOS_DEPLOYMENT_TARGET = 12.2;
				LD_RUNPATH_SEARCH_PATHS = "$(inherited) @executable_path/Frameworks";
				MTL_ENABLE_DEBUG_INFO = INCLUDE_SOURCE;
				MTL_FAST_MATH = YES;
				PRODUCT_BUNDLE_IDENTIFIER = com.fallenink.HudView;
				PRODUCT_NAME = "$(TARGET_NAME)";
				SWIFT_ACTIVE_COMPILATION_CONDITIONS = DEBUG;
				SWIFT_VERSION = 4.0;
				TARGETED_DEVICE_FAMILY = "1,2";
			};
			name = Debug;
		};
		6A6824032279285400A37CCF /* Release */ = {
			isa = XCBuildConfiguration;
			baseConfigurationReference = F473CB436E5681DAE0B45B6F /* Pods-HudViewExample.release.xcconfig */;
			buildSettings = {
				ASSETCATALOG_COMPILER_APPICON_NAME = AppIcon;
				CLANG_ANALYZER_NONNULL = YES;
				CLANG_ANALYZER_NUMBER_OBJECT_CONVERSION = YES_AGGRESSIVE;
				CLANG_CXX_LANGUAGE_STANDARD = "gnu++14";
				CLANG_ENABLE_OBJC_WEAK = YES;
				CLANG_WARN_DEPRECATED_OBJC_IMPLEMENTATIONS = YES;
				CLANG_WARN_DOCUMENTATION_COMMENTS = YES;
				CLANG_WARN_OBJC_IMPLICIT_RETAIN_SELF = YES;
				CLANG_WARN_UNGUARDED_AVAILABILITY = YES_AGGRESSIVE;
				CODE_SIGN_IDENTITY = "iPhone Developer";
				CODE_SIGN_STYLE = Automatic;
				GCC_C_LANGUAGE_STANDARD = gnu11;
				INFOPLIST_FILE = HudView/Info.plist;
				IPHONEOS_DEPLOYMENT_TARGET = 12.2;
				LD_RUNPATH_SEARCH_PATHS = "$(inherited) @executable_path/Frameworks";
				MTL_FAST_MATH = YES;
				PRODUCT_BUNDLE_IDENTIFIER = com.fallenink.HudView;
				PRODUCT_NAME = "$(TARGET_NAME)";
				SWIFT_VERSION = 4.0;
				TARGETED_DEVICE_FAMILY = "1,2";
			};
			name = Release;
		};
		6A6824052279285400A37CCF /* Debug */ = {
			isa = XCBuildConfiguration;
			buildSettings = {
				ALWAYS_EMBED_SWIFT_STANDARD_LIBRARIES = YES;
				CLANG_ANALYZER_NONNULL = YES;
				CLANG_ANALYZER_NUMBER_OBJECT_CONVERSION = YES_AGGRESSIVE;
				CLANG_CXX_LANGUAGE_STANDARD = "gnu++14";
				CLANG_ENABLE_OBJC_WEAK = YES;
				CLANG_WARN_DEPRECATED_OBJC_IMPLEMENTATIONS = YES;
				CLANG_WARN_DOCUMENTATION_COMMENTS = YES;
				CLANG_WARN_OBJC_IMPLICIT_RETAIN_SELF = YES;
				CLANG_WARN_UNGUARDED_AVAILABILITY = YES_AGGRESSIVE;
				CODE_SIGN_IDENTITY = "iPhone Developer";
				CODE_SIGN_STYLE = Automatic;
				DEBUG_INFORMATION_FORMAT = dwarf;
				GCC_C_LANGUAGE_STANDARD = gnu11;
				INFOPLIST_FILE = HudViewUITests/Info.plist;
				IPHONEOS_DEPLOYMENT_TARGET = 12.2;
				LD_RUNPATH_SEARCH_PATHS = "$(inherited) @executable_path/Frameworks @loader_path/Frameworks";
				MTL_ENABLE_DEBUG_INFO = INCLUDE_SOURCE;
				MTL_FAST_MATH = YES;
				PRODUCT_BUNDLE_IDENTIFIER = com.fallenink.HudViewUITests;
				PRODUCT_NAME = "$(TARGET_NAME)";
				SWIFT_ACTIVE_COMPILATION_CONDITIONS = DEBUG;
				SWIFT_VERSION = 5.0;
				TARGETED_DEVICE_FAMILY = "1,2";
				TEST_TARGET_NAME = HudView;
			};
			name = Debug;
		};
		6A6824062279285400A37CCF /* Release */ = {
			isa = XCBuildConfiguration;
			buildSettings = {
				ALWAYS_EMBED_SWIFT_STANDARD_LIBRARIES = YES;
				CLANG_ANALYZER_NONNULL = YES;
				CLANG_ANALYZER_NUMBER_OBJECT_CONVERSION = YES_AGGRESSIVE;
				CLANG_CXX_LANGUAGE_STANDARD = "gnu++14";
				CLANG_ENABLE_OBJC_WEAK = YES;
				CLANG_WARN_DEPRECATED_OBJC_IMPLEMENTATIONS = YES;
				CLANG_WARN_DOCUMENTATION_COMMENTS = YES;
				CLANG_WARN_OBJC_IMPLICIT_RETAIN_SELF = YES;
				CLANG_WARN_UNGUARDED_AVAILABILITY = YES_AGGRESSIVE;
				CODE_SIGN_IDENTITY = "iPhone Developer";
				CODE_SIGN_STYLE = Automatic;
				GCC_C_LANGUAGE_STANDARD = gnu11;
				INFOPLIST_FILE = HudViewUITests/Info.plist;
				IPHONEOS_DEPLOYMENT_TARGET = 12.2;
				LD_RUNPATH_SEARCH_PATHS = "$(inherited) @executable_path/Frameworks @loader_path/Frameworks";
				MTL_FAST_MATH = YES;
				PRODUCT_BUNDLE_IDENTIFIER = com.fallenink.HudViewUITests;
				PRODUCT_NAME = "$(TARGET_NAME)";
				SWIFT_VERSION = 5.0;
				TARGETED_DEVICE_FAMILY = "1,2";
				TEST_TARGET_NAME = HudView;
			};
			name = Release;
		};
/* End XCBuildConfiguration section */

/* Begin XCConfigurationList section */
		607FACCB1AFB9204008FA782 /* Build configuration list for PBXProject "HudView" */ = {
			isa = XCConfigurationList;
			buildConfigurations = (
				607FACED1AFB9204008FA782 /* Debug */,
				607FACEE1AFB9204008FA782 /* Release */,
			);
			defaultConfigurationIsVisible = 0;
			defaultConfigurationName = Release;
		};
		6A6824012279285400A37CCF /* Build configuration list for PBXNativeTarget "HudViewExample" */ = {
			isa = XCConfigurationList;
			buildConfigurations = (
				6A6824022279285400A37CCF /* Debug */,
				6A6824032279285400A37CCF /* Release */,
			);
			defaultConfigurationIsVisible = 0;
			defaultConfigurationName = Release;
		};
		6A6824042279285400A37CCF /* Build configuration list for PBXNativeTarget "HudViewUITests" */ = {
			isa = XCConfigurationList;
			buildConfigurations = (
				6A6824052279285400A37CCF /* Debug */,
				6A6824062279285400A37CCF /* Release */,
			);
			defaultConfigurationIsVisible = 0;
			defaultConfigurationName = Release;
		};
/* End XCConfigurationList section */
	};
	rootObject = 607FACC81AFB9204008FA782 /* Project object */;
}
