// !$*UTF8*$!
{
	archiveVersion = 1;
	classes = {
	};
	objectVersion = 46;
	objects = {

/* Begin PBXBuildFile section */
		5DB2FAC81E94FBE200B0A5CB /* AppDelegate.swift in Sources */ = {isa = PBXBuildFile; fileRef = 5DB2FAC71E94FBE200B0A5CB /* AppDelegate.swift */; };
		5DB2FACF1E94FBE200B0A5CB /* Assets.xcassets in Resources */ = {isa = PBXBuildFile; fileRef = 5DB2FACE1E94FBE200B0A5CB /* Assets.xcassets */; };
		5DB2FADA1E94FC3C00B0A5CB /* Cartfile in Resources */ = {isa = PBXBuildFile; fileRef = 5DB2FAD91E94FC3C00B0A5CB /* Cartfile */; };
		5DB2FAF51E9506EC00B0A5CB /* Alamofire.framework in Frameworks */ = {isa = PBXBuildFile; fileRef = 5DB2FAF21E9506EC00B0A5CB /* Alamofire.framework */; };
		5DB2FAF61E9506EC00B0A5CB /* Kingfisher.framework in Frameworks */ = {isa = PBXBuildFile; fileRef = 5DB2FAF31E9506EC00B0A5CB /* Kingfisher.framework */; };
		5DB2FAF71E9506EC00B0A5CB /* SwiftyJSON.framework in Frameworks */ = {isa = PBXBuildFile; fileRef = 5DB2FAF41E9506EC00B0A5CB /* SwiftyJSON.framework */; };
		5DB2FB0D1E950C4900B0A5CB /* UserStore.swift in Sources */ = {isa = PBXBuildFile; fileRef = 5DB2FB0C1E950C4900B0A5CB /* UserStore.swift */; };
		5DB2FB101E950CD600B0A5CB /* User.swift in Sources */ = {isa = PBXBuildFile; fileRef = 5DB2FB0F1E950CD600B0A5CB /* User.swift */; };
		5DB2FB121E950CEE00B0A5CB /* Name.swift in Sources */ = {isa = PBXBuildFile; fileRef = 5DB2FB111E950CEE00B0A5CB /* Name.swift */; };
		5DB2FB151E950D4200B0A5CB /* User+Network.swift in Sources */ = {isa = PBXBuildFile; fileRef = 5DB2FB141E950D4200B0A5CB /* User+Network.swift */; };
		5DB2FB171E950D6F00B0A5CB /* Name+Network.swift in Sources */ = {isa = PBXBuildFile; fileRef = 5DB2FB161E950D6F00B0A5CB /* Name+Network.swift */; };
		5DB2FB191E950DCF00B0A5CB /* UserNetworkStore.swift in Sources */ = {isa = PBXBuildFile; fileRef = 5DB2FB181E950DCF00B0A5CB /* UserNetworkStore.swift */; };
		5DB2FB1B1E950DEA00B0A5CB /* UserNetworkRouter.swift in Sources */ = {isa = PBXBuildFile; fileRef = 5DB2FB1A1E950DEA00B0A5CB /* UserNetworkRouter.swift */; };
		6A234B921EECDB2D00CE057C /* IBInspecView.swift in Sources */ = {isa = PBXBuildFile; fileRef = 6A234B761EECDB2D00CE057C /* IBInspecView.swift */; };
		6A234B931EECDB2D00CE057C /* RoundImageView.swift in Sources */ = {isa = PBXBuildFile; fileRef = 6A234B771EECDB2D00CE057C /* RoundImageView.swift */; };
		6A234B941EECDB2D00CE057C /* Color.theme.swift in Sources */ = {isa = PBXBuildFile; fileRef = 6A234B7D1EECDB2D00CE057C /* Color.theme.swift */; };
		6A234B951EECDB2D00CE057C /* NotificationCenter+Add.swift in Sources */ = {isa = PBXBuildFile; fileRef = 6A234B7F1EECDB2D00CE057C /* NotificationCenter+Add.swift */; };
		6A234B961EECDB2D00CE057C /* String.size.swift in Sources */ = {isa = PBXBuildFile; fileRef = 6A234B811EECDB2D00CE057C /* String.size.swift */; };
		6A234B971EECDB2D00CE057C /* UIDevice+Add.swift in Sources */ = {isa = PBXBuildFile; fileRef = 6A234B831EECDB2D00CE057C /* UIDevice+Add.swift */; };
		6A234B981EECDB2D00CE057C /* UIFont+Add.swift in Sources */ = {isa = PBXBuildFile; fileRef = 6A234B851EECDB2D00CE057C /* UIFont+Add.swift */; };
		6A234B991EECDB2D00CE057C /* Button.Label.swift in Sources */ = {isa = PBXBuildFile; fileRef = 6A234B871EECDB2D00CE057C /* Button.Label.swift */; };
		6A234B9A1EECDB2D00CE057C /* View+Add.swift in Sources */ = {isa = PBXBuildFile; fileRef = 6A234B881EECDB2D00CE057C /* View+Add.swift */; };
		6A234B9B1EECDB2D00CE057C /* View.frame.swift in Sources */ = {isa = PBXBuildFile; fileRef = 6A234B891EECDB2D00CE057C /* View.frame.swift */; };
		6A234B9C1EECDB2D00CE057C /* View.tool.swift in Sources */ = {isa = PBXBuildFile; fileRef = 6A234B8A1EECDB2D00CE057C /* View.tool.swift */; };
		6A234B9D1EECDB2D00CE057C /* MacroFunctions.swift in Sources */ = {isa = PBXBuildFile; fileRef = 6A234B8C1EECDB2D00CE057C /* MacroFunctions.swift */; };
		6A234BB41EECE9B800CE057C /* UserDetailConfigurator.swift in Sources */ = {isa = PBXBuildFile; fileRef = 6A234BA11EECE9B800CE057C /* UserDetailConfigurator.swift */; };
		6A234BB51EECE9B800CE057C /* UserDetailInteractor.swift in Sources */ = {isa = PBXBuildFile; fileRef = 6A234BA21EECE9B800CE057C /* UserDetailInteractor.swift */; };
		6A234BB61EECE9B800CE057C /* UserDetailModels.swift in Sources */ = {isa = PBXBuildFile; fileRef = 6A234BA31EECE9B800CE057C /* UserDetailModels.swift */; };
		6A234BB71EECE9B800CE057C /* UserDetailPresenter.swift in Sources */ = {isa = PBXBuildFile; fileRef = 6A234BA41EECE9B800CE057C /* UserDetailPresenter.swift */; };
		6A234BB81EECE9B800CE057C /* UserDetailRouter.swift in Sources */ = {isa = PBXBuildFile; fileRef = 6A234BA51EECE9B800CE057C /* UserDetailRouter.swift */; };
		6A234BB91EECE9B800CE057C /* UserDetailViewController+TableView.swift in Sources */ = {isa = PBXBuildFile; fileRef = 6A234BA61EECE9B800CE057C /* UserDetailViewController+TableView.swift */; };
		6A234BBA1EECE9B800CE057C /* UserDetailViewController.swift in Sources */ = {isa = PBXBuildFile; fileRef = 6A234BA71EECE9B800CE057C /* UserDetailViewController.swift */; };
		6A234BBD1EECE9B800CE057C /* UserListConfigurator.swift in Sources */ = {isa = PBXBuildFile; fileRef = 6A234BAC1EECE9B800CE057C /* UserListConfigurator.swift */; };
		6A234BBE1EECE9B800CE057C /* UserListInteractor.swift in Sources */ = {isa = PBXBuildFile; fileRef = 6A234BAD1EECE9B800CE057C /* UserListInteractor.swift */; };
		6A234BBF1EECE9B800CE057C /* UserListModels.swift in Sources */ = {isa = PBXBuildFile; fileRef = 6A234BAE1EECE9B800CE057C /* UserListModels.swift */; };
		6A234BC01EECE9B800CE057C /* UserListPresenter.swift in Sources */ = {isa = PBXBuildFile; fileRef = 6A234BAF1EECE9B800CE057C /* UserListPresenter.swift */; };
		6A234BC11EECE9B800CE057C /* UserListRouter.swift in Sources */ = {isa = PBXBuildFile; fileRef = 6A234BB01EECE9B800CE057C /* UserListRouter.swift */; };
		6A234BC31EECE9B800CE057C /* UserListViewController.swift in Sources */ = {isa = PBXBuildFile; fileRef = 6A234BB21EECE9B800CE057C /* UserListViewController.swift */; };
		6A234BC41EECE9B800CE057C /* UserListWorker.swift in Sources */ = {isa = PBXBuildFile; fileRef = 6A234BB31EECE9B800CE057C /* UserListWorker.swift */; };
		6A234BC91EECFF8100CE057C /* UserTableViewCell.swift in Sources */ = {isa = PBXBuildFile; fileRef = 6A234BC71EECFF8100CE057C /* UserTableViewCell.swift */; };
		6A234BCA1EECFF8100CE057C /* UserTableViewCell.xib in Resources */ = {isa = PBXBuildFile; fileRef = 6A234BC81EECFF8100CE057C /* UserTableViewCell.xib */; };
		6A234BCC1EECFF9200CE057C /* UserListViewController+TableView.swift in Sources */ = {isa = PBXBuildFile; fileRef = 6A234BCB1EECFF9200CE057C /* UserListViewController+TableView.swift */; };
		6A234BCF1EED0CD800CE057C /* SerializableUtils.swift in Sources */ = {isa = PBXBuildFile; fileRef = 6A234BCE1EED0CD800CE057C /* SerializableUtils.swift */; };
/* End PBXBuildFile section */

/* Begin PBXFileReference section */
		5DB2FAC41E94FBE200B0A5CB /* Example.app */ = {isa = PBXFileReference; explicitFileType = wrapper.application; includeInIndex = 0; path = Example.app; sourceTree = BUILT_PRODUCTS_DIR; };
		5DB2FAC71E94FBE200B0A5CB /* AppDelegate.swift */ = {isa = PBXFileReference; lastKnownFileType = sourcecode.swift; path = AppDelegate.swift; sourceTree = "<group>"; };
		5DB2FACE1E94FBE200B0A5CB /* Assets.xcassets */ = {isa = PBXFileReference; lastKnownFileType = folder.assetcatalog; path = Assets.xcassets; sourceTree = "<group>"; };
		5DB2FAD31E94FBE200B0A5CB /* Info.plist */ = {isa = PBXFileReference; lastKnownFileType = text.plist.xml; path = Info.plist; sourceTree = "<group>"; };
		5DB2FAD91E94FC3C00B0A5CB /* Cartfile */ = {isa = PBXFileReference; fileEncoding = 4; lastKnownFileType = text; path = Cartfile; sourceTree = "<group>"; };
		5DB2FAF21E9506EC00B0A5CB /* Alamofire.framework */ = {isa = PBXFileReference; lastKnownFileType = wrapper.framework; name = Alamofire.framework; path = Carthage/Build/iOS/Alamofire.framework; sourceTree = "<group>"; };
		5DB2FAF31E9506EC00B0A5CB /* Kingfisher.framework */ = {isa = PBXFileReference; lastKnownFileType = wrapper.framework; name = Kingfisher.framework; path = Carthage/Build/iOS/Kingfisher.framework; sourceTree = "<group>"; };
		5DB2FAF41E9506EC00B0A5CB /* SwiftyJSON.framework */ = {isa = PBXFileReference; lastKnownFileType = wrapper.framework; name = SwiftyJSON.framework; path = Carthage/Build/iOS/SwiftyJSON.framework; sourceTree = "<group>"; };
		5DB2FB0C1E950C4900B0A5CB /* UserStore.swift */ = {isa = PBXFileReference; fileEncoding = 4; lastKnownFileType = sourcecode.swift; path = UserStore.swift; sourceTree = "<group>"; };
		5DB2FB0F1E950CD600B0A5CB /* User.swift */ = {isa = PBXFileReference; fileEncoding = 4; lastKnownFileType = sourcecode.swift; path = User.swift; sourceTree = "<group>"; };
		5DB2FB111E950CEE00B0A5CB /* Name.swift */ = {isa = PBXFileReference; fileEncoding = 4; lastKnownFileType = sourcecode.swift; path = Name.swift; sourceTree = "<group>"; };
		5DB2FB141E950D4200B0A5CB /* User+Network.swift */ = {isa = PBXFileReference; fileEncoding = 4; lastKnownFileType = sourcecode.swift; path = "User+Network.swift"; sourceTree = "<group>"; };
		5DB2FB161E950D6F00B0A5CB /* Name+Network.swift */ = {isa = PBXFileReference; fileEncoding = 4; lastKnownFileType = sourcecode.swift; path = "Name+Network.swift"; sourceTree = "<group>"; };
		5DB2FB181E950DCF00B0A5CB /* UserNetworkStore.swift */ = {isa = PBXFileReference; fileEncoding = 4; lastKnownFileType = sourcecode.swift; path = UserNetworkStore.swift; sourceTree = "<group>"; };
		5DB2FB1A1E950DEA00B0A5CB /* UserNetworkRouter.swift */ = {isa = PBXFileReference; fileEncoding = 4; lastKnownFileType = sourcecode.swift; path = UserNetworkRouter.swift; sourceTree = "<group>"; };
		6A234B761EECDB2D00CE057C /* IBInspecView.swift */ = {isa = PBXFileReference; fileEncoding = 4; lastKnownFileType = sourcecode.swift; path = IBInspecView.swift; sourceTree = "<group>"; };
		6A234B771EECDB2D00CE057C /* RoundImageView.swift */ = {isa = PBXFileReference; fileEncoding = 4; lastKnownFileType = sourcecode.swift; path = RoundImageView.swift; sourceTree = "<group>"; };
		6A234B7D1EECDB2D00CE057C /* Color.theme.swift */ = {isa = PBXFileReference; fileEncoding = 4; lastKnownFileType = sourcecode.swift; path = Color.theme.swift; sourceTree = "<group>"; };
		6A234B7F1EECDB2D00CE057C /* NotificationCenter+Add.swift */ = {isa = PBXFileReference; fileEncoding = 4; lastKnownFileType = sourcecode.swift; path = "NotificationCenter+Add.swift"; sourceTree = "<group>"; };
		6A234B811EECDB2D00CE057C /* String.size.swift */ = {isa = PBXFileReference; fileEncoding = 4; lastKnownFileType = sourcecode.swift; path = String.size.swift; sourceTree = "<group>"; };
		6A234B831EECDB2D00CE057C /* UIDevice+Add.swift */ = {isa = PBXFileReference; fileEncoding = 4; lastKnownFileType = sourcecode.swift; path = "UIDevice+Add.swift"; sourceTree = "<group>"; };
		6A234B851EECDB2D00CE057C /* UIFont+Add.swift */ = {isa = PBXFileReference; fileEncoding = 4; lastKnownFileType = sourcecode.swift; path = "UIFont+Add.swift"; sourceTree = "<group>"; };
		6A234B871EECDB2D00CE057C /* Button.Label.swift */ = {isa = PBXFileReference; fileEncoding = 4; lastKnownFileType = sourcecode.swift; path = Button.Label.swift; sourceTree = "<group>"; };
		6A234B881EECDB2D00CE057C /* View+Add.swift */ = {isa = PBXFileReference; fileEncoding = 4; lastKnownFileType = sourcecode.swift; path = "View+Add.swift"; sourceTree = "<group>"; };
		6A234B891EECDB2D00CE057C /* View.frame.swift */ = {isa = PBXFileReference; fileEncoding = 4; lastKnownFileType = sourcecode.swift; path = View.frame.swift; sourceTree = "<group>"; };
		6A234B8A1EECDB2D00CE057C /* View.tool.swift */ = {isa = PBXFileReference; fileEncoding = 4; lastKnownFileType = sourcecode.swift; path = View.tool.swift; sourceTree = "<group>"; };
		6A234B8C1EECDB2D00CE057C /* MacroFunctions.swift */ = {isa = PBXFileReference; fileEncoding = 4; lastKnownFileType = sourcecode.swift; path = MacroFunctions.swift; sourceTree = "<group>"; };
		6A234BA11EECE9B800CE057C /* UserDetailConfigurator.swift */ = {isa = PBXFileReference; fileEncoding = 4; lastKnownFileType = sourcecode.swift; path = UserDetailConfigurator.swift; sourceTree = "<group>"; };
		6A234BA21EECE9B800CE057C /* UserDetailInteractor.swift */ = {isa = PBXFileReference; fileEncoding = 4; lastKnownFileType = sourcecode.swift; path = UserDetailInteractor.swift; sourceTree = "<group>"; };
		6A234BA31EECE9B800CE057C /* UserDetailModels.swift */ = {isa = PBXFileReference; fileEncoding = 4; lastKnownFileType = sourcecode.swift; path = UserDetailModels.swift; sourceTree = "<group>"; };
		6A234BA41EECE9B800CE057C /* UserDetailPresenter.swift */ = {isa = PBXFileReference; fileEncoding = 4; lastKnownFileType = sourcecode.swift; path = UserDetailPresenter.swift; sourceTree = "<group>"; };
		6A234BA51EECE9B800CE057C /* UserDetailRouter.swift */ = {isa = PBXFileReference; fileEncoding = 4; lastKnownFileType = sourcecode.swift; path = UserDetailRouter.swift; sourceTree = "<group>"; };
		6A234BA61EECE9B800CE057C /* UserDetailViewController+TableView.swift */ = {isa = PBXFileReference; fileEncoding = 4; lastKnownFileType = sourcecode.swift; path = "UserDetailViewController+TableView.swift"; sourceTree = "<group>"; };
		6A234BA71EECE9B800CE057C /* UserDetailViewController.swift */ = {isa = PBXFileReference; fileEncoding = 4; lastKnownFileType = sourcecode.swift; path = UserDetailViewController.swift; sourceTree = "<group>"; };
		6A234BAC1EECE9B800CE057C /* UserListConfigurator.swift */ = {isa = PBXFileReference; fileEncoding = 4; lastKnownFileType = sourcecode.swift; path = UserListConfigurator.swift; sourceTree = "<group>"; };
		6A234BAD1EECE9B800CE057C /* UserListInteractor.swift */ = {isa = PBXFileReference; fileEncoding = 4; lastKnownFileType = sourcecode.swift; path = UserListInteractor.swift; sourceTree = "<group>"; };
		6A234BAE1EECE9B800CE057C /* UserListModels.swift */ = {isa = PBXFileReference; fileEncoding = 4; lastKnownFileType = sourcecode.swift; path = UserListModels.swift; sourceTree = "<group>"; };
		6A234BAF1EECE9B800CE057C /* UserListPresenter.swift */ = {isa = PBXFileReference; fileEncoding = 4; lastKnownFileType = sourcecode.swift; path = UserListPresenter.swift; sourceTree = "<group>"; };
		6A234BB01EECE9B800CE057C /* UserListRouter.swift */ = {isa = PBXFileReference; fileEncoding = 4; lastKnownFileType = sourcecode.swift; path = UserListRouter.swift; sourceTree = "<group>"; };
		6A234BB21EECE9B800CE057C /* UserListViewController.swift */ = {isa = PBXFileReference; fileEncoding = 4; lastKnownFileType = sourcecode.swift; path = UserListViewController.swift; sourceTree = "<group>"; };
		6A234BB31EECE9B800CE057C /* UserListWorker.swift */ = {isa = PBXFileReference; fileEncoding = 4; lastKnownFileType = sourcecode.swift; path = UserListWorker.swift; sourceTree = "<group>"; };
		6A234BC71EECFF8100CE057C /* UserTableViewCell.swift */ = {isa = PBXFileReference; fileEncoding = 4; lastKnownFileType = sourcecode.swift; path = UserTableViewCell.swift; sourceTree = "<group>"; };
		6A234BC81EECFF8100CE057C /* UserTableViewCell.xib */ = {isa = PBXFileReference; fileEncoding = 4; lastKnownFileType = file.xib; path = UserTableViewCell.xib; sourceTree = "<group>"; };
		6A234BCB1EECFF9200CE057C /* UserListViewController+TableView.swift */ = {isa = PBXFileReference; fileEncoding = 4; lastKnownFileType = sourcecode.swift; path = "UserListViewController+TableView.swift"; sourceTree = "<group>"; };
		6A234BCE1EED0CD800CE057C /* SerializableUtils.swift */ = {isa = PBXFileReference; fileEncoding = 4; lastKnownFileType = sourcecode.swift; path = SerializableUtils.swift; sourceTree = "<group>"; };
/* End PBXFileReference section */

/* Begin PBXFrameworksBuildPhase section */
		5DB2FAC11E94FBE200B0A5CB /* Frameworks */ = {
			isa = PBXFrameworksBuildPhase;
			buildActionMask = 2147483647;
			files = (
				5DB2FAF51E9506EC00B0A5CB /* Alamofire.framework in Frameworks */,
				5DB2FAF61E9506EC00B0A5CB /* Kingfisher.framework in Frameworks */,
				5DB2FAF71E9506EC00B0A5CB /* SwiftyJSON.framework in Frameworks */,
			);
			runOnlyForDeploymentPostprocessing = 0;
		};
/* End PBXFrameworksBuildPhase section */

/* Begin PBXGroup section */
		5DB2FABB1E94FBE200B0A5CB = {
			isa = PBXGroup;
			children = (
				6A234B731EECDB2D00CE057C /* _Building */,
				6A234B741EECDB2D00CE057C /* _Component */,
				6A234B781EECDB2D00CE057C /* _Core */,
				6A234B8F1EECDB2D00CE057C /* _Debug */,
				6A234B901EECDB2D00CE057C /* _Service */,
				5DB2FAD91E94FC3C00B0A5CB /* Cartfile */,
				5DB2FAC61E94FBE200B0A5CB /* Example */,
				5DB2FAC51E94FBE200B0A5CB /* Products */,
				5DB2FAF11E9506EC00B0A5CB /* Frameworks */,
			);
			sourceTree = "<group>";
		};
		5DB2FAC51E94FBE200B0A5CB /* Products */ = {
			isa = PBXGroup;
			children = (
				5DB2FAC41E94FBE200B0A5CB /* Example.app */,
			);
			name = Products;
			sourceTree = "<group>";
		};
		5DB2FAC61E94FBE200B0A5CB /* Example */ = {
			isa = PBXGroup;
			children = (
				6A234B9E1EECE9B800CE057C /* Scenes */,
				6A234B9F1EECE9B800CE057C /* SceneTemplate */,
				5DB2FB071E950C1700B0A5CB /* Services */,
				5DB2FB0E1E950CC200B0A5CB /* Models */,
				5DB2FAC71E94FBE200B0A5CB /* AppDelegate.swift */,
				5DB2FACE1E94FBE200B0A5CB /* Assets.xcassets */,
				5DB2FAD31E94FBE200B0A5CB /* Info.plist */,
			);
			path = Example;
			sourceTree = "<group>";
		};
		5DB2FAF11E9506EC00B0A5CB /* Frameworks */ = {
			isa = PBXGroup;
			children = (
				5DB2FAF21E9506EC00B0A5CB /* Alamofire.framework */,
				5DB2FAF31E9506EC00B0A5CB /* Kingfisher.framework */,
				5DB2FAF41E9506EC00B0A5CB /* SwiftyJSON.framework */,
			);
			name = Frameworks;
			sourceTree = "<group>";
		};
		5DB2FB071E950C1700B0A5CB /* Services */ = {
			isa = PBXGroup;
			children = (
				5DB2FB081E950C1700B0A5CB /* Stores */,
				5DB2FB131E950D2200B0A5CB /* Mappers */,
			);
			path = Services;
			sourceTree = "<group>";
		};
		5DB2FB081E950C1700B0A5CB /* Stores */ = {
			isa = PBXGroup;
			children = (
				5DB2FB091E950C1700B0A5CB /* Definitions */,
				5DB2FB0A1E950C1700B0A5CB /* Network */,
			);
			path = Stores;
			sourceTree = "<group>";
		};
		5DB2FB091E950C1700B0A5CB /* Definitions */ = {
			isa = PBXGroup;
			children = (
				5DB2FB0C1E950C4900B0A5CB /* UserStore.swift */,
			);
			path = Definitions;
			sourceTree = "<group>";
		};
		5DB2FB0A1E950C1700B0A5CB /* Network */ = {
			isa = PBXGroup;
			children = (
				5DB2FB0B1E950C1700B0A5CB /* Router */,
				5DB2FB181E950DCF00B0A5CB /* UserNetworkStore.swift */,
			);
			path = Network;
			sourceTree = "<group>";
		};
		5DB2FB0B1E950C1700B0A5CB /* Router */ = {
			isa = PBXGroup;
			children = (
				5DB2FB1A1E950DEA00B0A5CB /* UserNetworkRouter.swift */,
			);
			path = Router;
			sourceTree = "<group>";
		};
		5DB2FB0E1E950CC200B0A5CB /* Models */ = {
			isa = PBXGroup;
			children = (
				5DB2FB0F1E950CD600B0A5CB /* User.swift */,
				5DB2FB111E950CEE00B0A5CB /* Name.swift */,
			);
			path = Models;
			sourceTree = "<group>";
		};
		5DB2FB131E950D2200B0A5CB /* Mappers */ = {
			isa = PBXGroup;
			children = (
				5DB2FB141E950D4200B0A5CB /* User+Network.swift */,
				5DB2FB161E950D6F00B0A5CB /* Name+Network.swift */,
			);
			path = Mappers;
			sourceTree = "<group>";
		};
		6A234B731EECDB2D00CE057C /* _Building */ = {
			isa = PBXGroup;
			children = (
			);
			name = _Building;
			path = ../_Building;
			sourceTree = "<group>";
		};
		6A234B741EECDB2D00CE057C /* _Component */ = {
			isa = PBXGroup;
			children = (
				6A234B751EECDB2D00CE057C /* Views */,
			);
			name = _Component;
			path = ../_Component;
			sourceTree = "<group>";
		};
		6A234B751EECDB2D00CE057C /* Views */ = {
			isa = PBXGroup;
			children = (
				6A234B761EECDB2D00CE057C /* IBInspecView.swift */,
				6A234B771EECDB2D00CE057C /* RoundImageView.swift */,
			);
			path = Views;
			sourceTree = "<group>";
		};
		6A234B781EECDB2D00CE057C /* _Core */ = {
			isa = PBXGroup;
			children = (
				6A234B791EECDB2D00CE057C /* Cache */,
				6A234B7A1EECDB2D00CE057C /* Database */,
				6A234B7B1EECDB2D00CE057C /* Extensions */,
				6A234B8B1EECDB2D00CE057C /* Macro */,
				6A234B8D1EECDB2D00CE057C /* Network */,
				6A234B8E1EECDB2D00CE057C /* Vendor */,
			);
			name = _Core;
			path = ../_Core;
			sourceTree = "<group>";
		};
		6A234B791EECDB2D00CE057C /* Cache */ = {
			isa = PBXGroup;
			children = (
			);
			path = Cache;
			sourceTree = "<group>";
		};
		6A234B7A1EECDB2D00CE057C /* Database */ = {
			isa = PBXGroup;
			children = (
			);
			path = Database;
			sourceTree = "<group>";
		};
		6A234B7B1EECDB2D00CE057C /* Extensions */ = {
			isa = PBXGroup;
			children = (
				6A234B7C1EECDB2D00CE057C /* Color+ */,
				6A234B7E1EECDB2D00CE057C /* NotificationCenter+ */,
				6A234B801EECDB2D00CE057C /* String+ */,
				6A234B821EECDB2D00CE057C /* UIDevice+ */,
				6A234B841EECDB2D00CE057C /* UIFont+ */,
				6A234B861EECDB2D00CE057C /* View+ */,
			);
			path = Extensions;
			sourceTree = "<group>";
		};
		6A234B7C1EECDB2D00CE057C /* Color+ */ = {
			isa = PBXGroup;
			children = (
				6A234B7D1EECDB2D00CE057C /* Color.theme.swift */,
			);
			path = "Color+";
			sourceTree = "<group>";
		};
		6A234B7E1EECDB2D00CE057C /* NotificationCenter+ */ = {
			isa = PBXGroup;
			children = (
				6A234B7F1EECDB2D00CE057C /* NotificationCenter+Add.swift */,
			);
			path = "NotificationCenter+";
			sourceTree = "<group>";
		};
		6A234B801EECDB2D00CE057C /* String+ */ = {
			isa = PBXGroup;
			children = (
				6A234B811EECDB2D00CE057C /* String.size.swift */,
			);
			path = "String+";
			sourceTree = "<group>";
		};
		6A234B821EECDB2D00CE057C /* UIDevice+ */ = {
			isa = PBXGroup;
			children = (
				6A234B831EECDB2D00CE057C /* UIDevice+Add.swift */,
			);
			path = "UIDevice+";
			sourceTree = "<group>";
		};
		6A234B841EECDB2D00CE057C /* UIFont+ */ = {
			isa = PBXGroup;
			children = (
				6A234B851EECDB2D00CE057C /* UIFont+Add.swift */,
			);
			path = "UIFont+";
			sourceTree = "<group>";
		};
		6A234B861EECDB2D00CE057C /* View+ */ = {
			isa = PBXGroup;
			children = (
				6A234B871EECDB2D00CE057C /* Button.Label.swift */,
				6A234B881EECDB2D00CE057C /* View+Add.swift */,
				6A234B891EECDB2D00CE057C /* View.frame.swift */,
				6A234B8A1EECDB2D00CE057C /* View.tool.swift */,
			);
			path = "View+";
			sourceTree = "<group>";
		};
		6A234B8B1EECDB2D00CE057C /* Macro */ = {
			isa = PBXGroup;
			children = (
				6A234B8C1EECDB2D00CE057C /* MacroFunctions.swift */,
			);
			path = Macro;
			sourceTree = "<group>";
		};
		6A234B8D1EECDB2D00CE057C /* Network */ = {
			isa = PBXGroup;
			children = (
				6A234BCD1EED0CD800CE057C /* Serilization */,
			);
			path = Network;
			sourceTree = "<group>";
		};
		6A234B8E1EECDB2D00CE057C /* Vendor */ = {
			isa = PBXGroup;
			children = (
			);
			path = Vendor;
			sourceTree = "<group>";
		};
		6A234B8F1EECDB2D00CE057C /* _Debug */ = {
			isa = PBXGroup;
			children = (
			);
			name = _Debug;
			path = ../_Debug;
			sourceTree = "<group>";
		};
		6A234B901EECDB2D00CE057C /* _Service */ = {
			isa = PBXGroup;
			children = (
				6A234B911EECDB2D00CE057C /* Core */,
			);
			name = _Service;
			path = ../_Service;
			sourceTree = "<group>";
		};
		6A234B911EECDB2D00CE057C /* Core */ = {
			isa = PBXGroup;
			children = (
			);
			path = Core;
			sourceTree = "<group>";
		};
		6A234B9E1EECE9B800CE057C /* Scenes */ = {
			isa = PBXGroup;
			children = (
			);
			path = Scenes;
			sourceTree = "<group>";
		};
		6A234B9F1EECE9B800CE057C /* SceneTemplate */ = {
			isa = PBXGroup;
			children = (
				6A234BA01EECE9B800CE057C /* UserDetail */,
				6A234BA81EECE9B800CE057C /* UserList */,
			);
			path = SceneTemplate;
			sourceTree = "<group>";
		};
		6A234BA01EECE9B800CE057C /* UserDetail */ = {
			isa = PBXGroup;
			children = (
				6A234BA11EECE9B800CE057C /* UserDetailConfigurator.swift */,
				6A234BA21EECE9B800CE057C /* UserDetailInteractor.swift */,
				6A234BA31EECE9B800CE057C /* UserDetailModels.swift */,
				6A234BA41EECE9B800CE057C /* UserDetailPresenter.swift */,
				6A234BA51EECE9B800CE057C /* UserDetailRouter.swift */,
				6A234BA61EECE9B800CE057C /* UserDetailViewController+TableView.swift */,
				6A234BA71EECE9B800CE057C /* UserDetailViewController.swift */,
			);
			path = UserDetail;
			sourceTree = "<group>";
		};
		6A234BA81EECE9B800CE057C /* UserList */ = {
			isa = PBXGroup;
			children = (
				6A234BC51EECFF8100CE057C /* Controller */,
				6A234BC61EECFF8100CE057C /* View */,
				6A234BAC1EECE9B800CE057C /* UserListConfigurator.swift */,
				6A234BAD1EECE9B800CE057C /* UserListInteractor.swift */,
				6A234BAE1EECE9B800CE057C /* UserListModels.swift */,
				6A234BAF1EECE9B800CE057C /* UserListPresenter.swift */,
				6A234BB01EECE9B800CE057C /* UserListRouter.swift */,
				6A234BB21EECE9B800CE057C /* UserListViewController.swift */,
				6A234BB31EECE9B800CE057C /* UserListWorker.swift */,
			);
			path = UserList;
			sourceTree = "<group>";
		};
		6A234BC51EECFF8100CE057C /* Controller */ = {
			isa = PBXGroup;
			children = (
				6A234BCB1EECFF9200CE057C /* UserListViewController+TableView.swift */,
			);
			path = Controller;
			sourceTree = "<group>";
		};
		6A234BC61EECFF8100CE057C /* View */ = {
			isa = PBXGroup;
			children = (
				6A234BC71EECFF8100CE057C /* UserTableViewCell.swift */,
				6A234BC81EECFF8100CE057C /* UserTableViewCell.xib */,
			);
			path = View;
			sourceTree = "<group>";
		};
		6A234BCD1EED0CD800CE057C /* Serilization */ = {
			isa = PBXGroup;
			children = (
				6A234BCE1EED0CD800CE057C /* SerializableUtils.swift */,
			);
			path = Serilization;
			sourceTree = "<group>";
		};
/* End PBXGroup section */

/* Begin PBXNativeTarget section */
		5DB2FAC31E94FBE200B0A5CB /* Example */ = {
			isa = PBXNativeTarget;
			buildConfigurationList = 5DB2FAD61E94FBE200B0A5CB /* Build configuration list for PBXNativeTarget "Example" */;
			buildPhases = (
				5DB2FAC01E94FBE200B0A5CB /* Sources */,
				5DB2FAC11E94FBE200B0A5CB /* Frameworks */,
				5DB2FAC21E94FBE200B0A5CB /* Resources */,
				5DB2FAF81E9506FB00B0A5CB /* Carthage dSYMs work around */,
			);
			buildRules = (
			);
			dependencies = (
			);
			name = Example;
			productName = Example;
			productReference = 5DB2FAC41E94FBE200B0A5CB /* Example.app */;
			productType = "com.apple.product-type.application";
		};
/* End PBXNativeTarget section */

/* Begin PBXProject section */
		5DB2FABC1E94FBE200B0A5CB /* Project object */ = {
			isa = PBXProject;
			attributes = {
				LastSwiftUpdateCheck = 0830;
				LastUpgradeCheck = 0830;
				ORGANIZATIONNAME = "HELM S.C.P.";
				TargetAttributes = {
					5DB2FAC31E94FBE200B0A5CB = {
						CreatedOnToolsVersion = 8.3;
						DevelopmentTeam = Z5P6G49J44;
						ProvisioningStyle = Automatic;
					};
				};
			};
			buildConfigurationList = 5DB2FABF1E94FBE200B0A5CB /* Build configuration list for PBXProject "Example" */;
			compatibilityVersion = "Xcode 3.2";
			developmentRegion = English;
			hasScannedForEncodings = 0;
			knownRegions = (
				en,
				Base,
			);
			mainGroup = 5DB2FABB1E94FBE200B0A5CB;
			productRefGroup = 5DB2FAC51E94FBE200B0A5CB /* Products */;
			projectDirPath = "";
			projectRoot = "";
			targets = (
				5DB2FAC31E94FBE200B0A5CB /* Example */,
			);
		};
/* End PBXProject section */

/* Begin PBXResourcesBuildPhase section */
		5DB2FAC21E94FBE200B0A5CB /* Resources */ = {
			isa = PBXResourcesBuildPhase;
			buildActionMask = 2147483647;
			files = (
				5DB2FACF1E94FBE200B0A5CB /* Assets.xcassets in Resources */,
				6A234BCA1EECFF8100CE057C /* UserTableViewCell.xib in Resources */,
				5DB2FADA1E94FC3C00B0A5CB /* Cartfile in Resources */,
			);
			runOnlyForDeploymentPostprocessing = 0;
		};
/* End PBXResourcesBuildPhase section */

/* Begin PBXShellScriptBuildPhase section */
		5DB2FAF81E9506FB00B0A5CB /* Carthage dSYMs work around */ = {
			isa = PBXShellScriptBuildPhase;
			buildActionMask = 2147483647;
			files = (
			);
			inputPaths = (
				"$(SRCROOT)/Carthage/Build/iOS/Kingfisher.framework",
				"$(SRCROOT)/Carthage/Build/iOS/Alamofire.framework",
				"$(SRCROOT)/Carthage/Build/iOS/SwiftyJSON.framework",
			);
			name = "Carthage dSYMs work around";
			outputPaths = (
			);
			runOnlyForDeploymentPostprocessing = 0;
			shellPath = /bin/sh;
			shellScript = "/usr/local/bin/carthage copy-frameworks\n";
		};
/* End PBXShellScriptBuildPhase section */

/* Begin PBXSourcesBuildPhase section */
		5DB2FAC01E94FBE200B0A5CB /* Sources */ = {
			isa = PBXSourcesBuildPhase;
			buildActionMask = 2147483647;
			files = (
				6A234B9A1EECDB2D00CE057C /* View+Add.swift in Sources */,
				6A234BBE1EECE9B800CE057C /* UserListInteractor.swift in Sources */,
				6A234B941EECDB2D00CE057C /* Color.theme.swift in Sources */,
				6A234B921EECDB2D00CE057C /* IBInspecView.swift in Sources */,
				5DB2FB1B1E950DEA00B0A5CB /* UserNetworkRouter.swift in Sources */,
				6A234BC31EECE9B800CE057C /* UserListViewController.swift in Sources */,
				6A234BB91EECE9B800CE057C /* UserDetailViewController+TableView.swift in Sources */,
				6A234BC91EECFF8100CE057C /* UserTableViewCell.swift in Sources */,
				6A234BB51EECE9B800CE057C /* UserDetailInteractor.swift in Sources */,
				5DB2FB0D1E950C4900B0A5CB /* UserStore.swift in Sources */,
				6A234B971EECDB2D00CE057C /* UIDevice+Add.swift in Sources */,
				5DB2FB171E950D6F00B0A5CB /* Name+Network.swift in Sources */,
				6A234B961EECDB2D00CE057C /* String.size.swift in Sources */,
				6A234B991EECDB2D00CE057C /* Button.Label.swift in Sources */,
				6A234BB71EECE9B800CE057C /* UserDetailPresenter.swift in Sources */,
				6A234BBF1EECE9B800CE057C /* UserListModels.swift in Sources */,
				6A234B981EECDB2D00CE057C /* UIFont+Add.swift in Sources */,
				6A234BBA1EECE9B800CE057C /* UserDetailViewController.swift in Sources */,
				6A234BC11EECE9B800CE057C /* UserListRouter.swift in Sources */,
				6A234BCF1EED0CD800CE057C /* SerializableUtils.swift in Sources */,
				6A234B951EECDB2D00CE057C /* NotificationCenter+Add.swift in Sources */,
				6A234B931EECDB2D00CE057C /* RoundImageView.swift in Sources */,
				5DB2FB121E950CEE00B0A5CB /* Name.swift in Sources */,
				6A234BC41EECE9B800CE057C /* UserListWorker.swift in Sources */,
				6A234B9D1EECDB2D00CE057C /* MacroFunctions.swift in Sources */,
				6A234B9C1EECDB2D00CE057C /* View.tool.swift in Sources */,
				6A234BC01EECE9B800CE057C /* UserListPresenter.swift in Sources */,
				6A234BBD1EECE9B800CE057C /* UserListConfigurator.swift in Sources */,
				5DB2FB191E950DCF00B0A5CB /* UserNetworkStore.swift in Sources */,
				6A234B9B1EECDB2D00CE057C /* View.frame.swift in Sources */,
				6A234BB81EECE9B800CE057C /* UserDetailRouter.swift in Sources */,
				6A234BB41EECE9B800CE057C /* UserDetailConfigurator.swift in Sources */,
				5DB2FAC81E94FBE200B0A5CB /* AppDelegate.swift in Sources */,
				5DB2FB101E950CD600B0A5CB /* User.swift in Sources */,
				6A234BCC1EECFF9200CE057C /* UserListViewController+TableView.swift in Sources */,
				5DB2FB151E950D4200B0A5CB /* User+Network.swift in Sources */,
				6A234BB61EECE9B800CE057C /* UserDetailModels.swift in Sources */,
			);
			runOnlyForDeploymentPostprocessing = 0;
		};
/* End PBXSourcesBuildPhase section */

/* Begin XCBuildConfiguration section */
		5DB2FAD41E94FBE200B0A5CB /* Debug */ = {
			isa = XCBuildConfiguration;
			buildSettings = {
				ALWAYS_SEARCH_USER_PATHS = NO;
				CLANG_ANALYZER_NONNULL = YES;
				CLANG_ANALYZER_NUMBER_OBJECT_CONVERSION = YES_AGGRESSIVE;
				CLANG_CXX_LANGUAGE_STANDARD = "gnu++0x";
				CLANG_CXX_LIBRARY = "libc++";
				CLANG_ENABLE_MODULES = YES;
				CLANG_ENABLE_OBJC_ARC = YES;
				CLANG_WARN_BOOL_CONVERSION = YES;
				CLANG_WARN_CONSTANT_CONVERSION = YES;
				CLANG_WARN_DIRECT_OBJC_ISA_USAGE = YES_ERROR;
				CLANG_WARN_DOCUMENTATION_COMMENTS = YES;
				CLANG_WARN_EMPTY_BODY = YES;
				CLANG_WARN_ENUM_CONVERSION = YES;
				CLANG_WARN_INFINITE_RECURSION = YES;
				CLANG_WARN_INT_CONVERSION = YES;
				CLANG_WARN_OBJC_ROOT_CLASS = YES_ERROR;
				CLANG_WARN_SUSPICIOUS_MOVE = YES;
				CLANG_WARN_UNREACHABLE_CODE = YES;
				CLANG_WARN__DUPLICATE_METHOD_MATCH = YES;
				"CODE_SIGN_IDENTITY[sdk=iphoneos*]" = "iPhone Developer";
				COPY_PHASE_STRIP = NO;
				DEBUG_INFORMATION_FORMAT = dwarf;
				ENABLE_STRICT_OBJC_MSGSEND = YES;
				ENABLE_TESTABILITY = YES;
				GCC_C_LANGUAGE_STANDARD = gnu99;
				GCC_DYNAMIC_NO_PIC = NO;
				GCC_NO_COMMON_BLOCKS = YES;
				GCC_OPTIMIZATION_LEVEL = 0;
				GCC_PREPROCESSOR_DEFINITIONS = (
					"DEBUG=1",
					"$(inherited)",
				);
				GCC_WARN_64_TO_32_BIT_CONVERSION = YES;
				GCC_WARN_ABOUT_RETURN_TYPE = YES_ERROR;
				GCC_WARN_UNDECLARED_SELECTOR = YES;
				GCC_WARN_UNINITIALIZED_AUTOS = YES_AGGRESSIVE;
				GCC_WARN_UNUSED_FUNCTION = YES;
				GCC_WARN_UNUSED_VARIABLE = YES;
				IPHONEOS_DEPLOYMENT_TARGET = 10.3;
				MTL_ENABLE_DEBUG_INFO = YES;
				ONLY_ACTIVE_ARCH = YES;
				SDKROOT = iphoneos;
				SWIFT_ACTIVE_COMPILATION_CONDITIONS = DEBUG;
				SWIFT_OPTIMIZATION_LEVEL = "-Onone";
				TARGETED_DEVICE_FAMILY = "1,2";
			};
			name = Debug;
		};
		5DB2FAD51E94FBE200B0A5CB /* Release */ = {
			isa = XCBuildConfiguration;
			buildSettings = {
				ALWAYS_SEARCH_USER_PATHS = NO;
				CLANG_ANALYZER_NONNULL = YES;
				CLANG_ANALYZER_NUMBER_OBJECT_CONVERSION = YES_AGGRESSIVE;
				CLANG_CXX_LANGUAGE_STANDARD = "gnu++0x";
				CLANG_CXX_LIBRARY = "libc++";
				CLANG_ENABLE_MODULES = YES;
				CLANG_ENABLE_OBJC_ARC = YES;
				CLANG_WARN_BOOL_CONVERSION = YES;
				CLANG_WARN_CONSTANT_CONVERSION = YES;
				CLANG_WARN_DIRECT_OBJC_ISA_USAGE = YES_ERROR;
				CLANG_WARN_DOCUMENTATION_COMMENTS = YES;
				CLANG_WARN_EMPTY_BODY = YES;
				CLANG_WARN_ENUM_CONVERSION = YES;
				CLANG_WARN_INFINITE_RECURSION = YES;
				CLANG_WARN_INT_CONVERSION = YES;
				CLANG_WARN_OBJC_ROOT_CLASS = YES_ERROR;
				CLANG_WARN_SUSPICIOUS_MOVE = YES;
				CLANG_WARN_UNREACHABLE_CODE = YES;
				CLANG_WARN__DUPLICATE_METHOD_MATCH = YES;
				"CODE_SIGN_IDENTITY[sdk=iphoneos*]" = "iPhone Developer";
				COPY_PHASE_STRIP = NO;
				DEBUG_INFORMATION_FORMAT = "dwarf-with-dsym";
				ENABLE_NS_ASSERTIONS = NO;
				ENABLE_STRICT_OBJC_MSGSEND = YES;
				GCC_C_LANGUAGE_STANDARD = gnu99;
				GCC_NO_COMMON_BLOCKS = YES;
				GCC_WARN_64_TO_32_BIT_CONVERSION = YES;
				GCC_WARN_ABOUT_RETURN_TYPE = YES_ERROR;
				GCC_WARN_UNDECLARED_SELECTOR = YES;
				GCC_WARN_UNINITIALIZED_AUTOS = YES_AGGRESSIVE;
				GCC_WARN_UNUSED_FUNCTION = YES;
				GCC_WARN_UNUSED_VARIABLE = YES;
				IPHONEOS_DEPLOYMENT_TARGET = 10.3;
				MTL_ENABLE_DEBUG_INFO = NO;
				SDKROOT = iphoneos;
				SWIFT_OPTIMIZATION_LEVEL = "-Owholemodule";
				TARGETED_DEVICE_FAMILY = "1,2";
				VALIDATE_PRODUCT = YES;
			};
			name = Release;
		};
		5DB2FAD71E94FBE200B0A5CB /* Debug */ = {
			isa = XCBuildConfiguration;
			buildSettings = {
				ASSETCATALOG_COMPILER_APPICON_NAME = AppIcon;
				DEVELOPMENT_TEAM = Z5P6G49J44;
				FRAMEWORK_SEARCH_PATHS = (
					"$(inherited)",
					"$(PROJECT_DIR)/Carthage/Build/iOS",
				);
				INFOPLIST_FILE = Example/Info.plist;
				LD_RUNPATH_SEARCH_PATHS = "$(inherited) @executable_path/Frameworks";
				PRODUCT_BUNDLE_IDENTIFIER = cat.helm.Example;
				PRODUCT_NAME = "$(TARGET_NAME)";
				SWIFT_VERSION = 3.0;
			};
			name = Debug;
		};
		5DB2FAD81E94FBE200B0A5CB /* Release */ = {
			isa = XCBuildConfiguration;
			buildSettings = {
				ASSETCATALOG_COMPILER_APPICON_NAME = AppIcon;
				DEVELOPMENT_TEAM = Z5P6G49J44;
				FRAMEWORK_SEARCH_PATHS = (
					"$(inherited)",
					"$(PROJECT_DIR)/Carthage/Build/iOS",
				);
				INFOPLIST_FILE = Example/Info.plist;
				LD_RUNPATH_SEARCH_PATHS = "$(inherited) @executable_path/Frameworks";
				PRODUCT_BUNDLE_IDENTIFIER = cat.helm.Example;
				PRODUCT_NAME = "$(TARGET_NAME)";
				SWIFT_VERSION = 3.0;
			};
			name = Release;
		};
/* End XCBuildConfiguration section */

/* Begin XCConfigurationList section */
		5DB2FABF1E94FBE200B0A5CB /* Build configuration list for PBXProject "Example" */ = {
			isa = XCConfigurationList;
			buildConfigurations = (
				5DB2FAD41E94FBE200B0A5CB /* Debug */,
				5DB2FAD51E94FBE200B0A5CB /* Release */,
			);
			defaultConfigurationIsVisible = 0;
			defaultConfigurationName = Release;
		};
		5DB2FAD61E94FBE200B0A5CB /* Build configuration list for PBXNativeTarget "Example" */ = {
			isa = XCConfigurationList;
			buildConfigurations = (
				5DB2FAD71E94FBE200B0A5CB /* Debug */,
				5DB2FAD81E94FBE200B0A5CB /* Release */,
			);
			defaultConfigurationIsVisible = 0;
			defaultConfigurationName = Release;
		};
/* End XCConfigurationList section */
	};
	rootObject = 5DB2FABC1E94FBE200B0A5CB /* Project object */;
}
